{
  "name": "app",
  "version": "1.0.0",
  "lockfileVersion": 3,
  "requires": true,
  "packages": {
    "": {
      "name": "app",
      "version": "1.0.0",
      "license": "ISC",
      "dependencies": {
        "@debserra/date-util": "^1.0.0"
      }
    },
    "node_modules/@debserra/date-util": {
      "version": "1.0.0",
      "resolved": "http://localhost:4873/@debserra/date-util/-/date-util-1.0.0.tgz",
      "integrity": "sha512-QI8lVPqW5xuaYHU+vAJ5XbYKlXnjBBRFm+p3ASPsBXggs3ZqYYuPpGjafmH7Tb9lvAP09Uk8zkDSxlQrY/cACg==",
      "dependencies": {
        "@debserra/string-util": "^1.0.0"
      }
    },
    "node_modules/@debserra/string-util": {
      "version": "1.0.0",
      "resolved": "http://localhost:4873/@debserra/string-util/-/string-util-1.0.0.tgz",
      "integrity": "sha512-bgbH5J7Qv80tni3I83GEJygDs5AgsPiWqFUD1WKd99XnJgpJIufAbUYaKS7dnU9YYd5G0hlu8C6jcBAfWIaOdQ=="
    }
  }
}
